
Microsoft Visual Studio Solution File, Format Version 12.00
# Visual Studio 14
VisualStudioVersion = 14.0.23107.0
MinimumVisualStudioVersion = 10.0.40219.1
Project("{FAE04EC0-301F-11D3-BF4B-00C04F79EFBC}") = "iMaintenanceTotal", "iMaintenanceTotal\iMaintenanceTotal.csproj", "{1762C335-22C3-4D61-B654-FEA9BEA4FE95}"
EndProject
Project("{FAE04EC0-301F-11D3-BF4B-00C04F79EFBC}") = "iMaintenanceTotal.Tests", "iMaintenanceTotal.Tests\iMaintenanceTotal.Tests.csproj", "{22374B34-401B-4191-AF63-6EDE051D7523}"
EndProject
Global
	GlobalSection(SolutionConfigurationPlatforms) = preSolution
		Debug|Any CPU = Debug|Any CPU
		Release|Any CPU = Release|Any CPU
	EndGlobalSection
	GlobalSection(ProjectConfigurationPlatforms) = postSolution
		{1762C335-22C3-4D61-B654-FEA9BEA4FE95}.Debug|Any CPU.ActiveCfg = Debug|Any CPU
		{1762C335-22C3-4D61-B654-FEA9BEA4FE95}.Debug|Any CPU.Build.0 = Debug|Any CPU
		{1762C335-22C3-4D61-B654-FEA9BEA4FE95}.Release|Any CPU.ActiveCfg = Release|Any CPU
		{1762C335-22C3-4D61-B654-FEA9BEA4FE95}.Release|Any CPU.Build.0 = Release|Any CPU
		{22374B34-401B-4191-AF63-6EDE051D7523}.Debug|Any CPU.ActiveCfg = Debug|Any CPU
		{22374B34-401B-4191-AF63-6EDE051D7523}.Debug|Any CPU.Build.0 = Debug|Any CPU
		{22374B34-401B-4191-AF63-6EDE051D7523}.Release|Any CPU.ActiveCfg = Release|Any CPU
		{22374B34-401B-4191-AF63-6EDE051D7523}.Release|Any CPU.Build.0 = Release|Any CPU
	EndGlobalSection
	GlobalSection(SolutionProperties) = preSolution
		HideSolutionNode = FALSE
	EndGlobalSection
EndGlobal
